
Microsoft Visual Studio Solution File, Format Version 12.00
# Visual Studio 2012
Project("{FAE04EC0-301F-11D3-BF4B-00C04F79EFBC}") = "EcommerceShipping", "EcommerceShipping\EcommerceShipping.csproj", "{DD4CE53B-E674-40CC-A5A0-C2730A194B81}"
EndProject
Project("{FAE04EC0-301F-11D3-BF4B-00C04F79EFBC}") = "SuplierShipping", "SupplierShipping\SuplierShipping.csproj", "{D96230C6-0576-46A8-AE57-D66814DDAFD8}"
EndProject
Global
	GlobalSection(SolutionConfigurationPlatforms) = preSolution
		Debug|Any CPU = Debug|Any CPU
		Release|Any CPU = Release|Any CPU
	EndGlobalSection
	GlobalSection(ProjectConfigurationPlatforms) = postSolution
		{DD4CE53B-E674-40CC-A5A0-C2730A194B81}.Debug|Any CPU.ActiveCfg = Debug|Any CPU
		{DD4CE53B-E674-40CC-A5A0-C2730A194B81}.Debug|Any CPU.Build.0 = Debug|Any CPU
		{DD4CE53B-E674-40CC-A5A0-C2730A194B81}.Release|Any CPU.ActiveCfg = Release|Any CPU
		{DD4CE53B-E674-40CC-A5A0-C2730A194B81}.Release|Any CPU.Build.0 = Release|Any CPU
		{D96230C6-0576-46A8-AE57-D66814DDAFD8}.Debug|Any CPU.ActiveCfg = Debug|Any CPU
		{D96230C6-0576-46A8-AE57-D66814DDAFD8}.Debug|Any CPU.Build.0 = Debug|Any CPU
		{D96230C6-0576-46A8-AE57-D66814DDAFD8}.Release|Any CPU.ActiveCfg = Release|Any CPU
		{D96230C6-0576-46A8-AE57-D66814DDAFD8}.Release|Any CPU.Build.0 = Release|Any CPU
	EndGlobalSection
	GlobalSection(SolutionProperties) = preSolution
		HideSolutionNode = FALSE
	EndGlobalSection
EndGlobal
